
Microsoft Visual Studio Solution File, Format Version 12.00
# Visual Studio Version 17
VisualStudioVersion = 17.5.002.0
MinimumVisualStudioVersion = 10.0.40219.1
Project("{9A19103F-16F7-4668-BE54-9A1E7A4F7556}") = "Adapar", "Adapar.csproj", "{5E181E98-8426-48C2-A91F-2255D0B8BAB6}"
EndProject
Global
	GlobalSection(SolutionConfigurationPlatforms) = preSolution
		Debug|Any CPU = Debug|Any CPU
		Release|Any CPU = Release|Any CPU
	EndGlobalSection
	GlobalSection(ProjectConfigurationPlatforms) = postSolution
		{5E181E98-8426-48C2-A91F-2255D0B8BAB6}.Debug|Any CPU.ActiveCfg = Debug|Any CPU
		{5E181E98-8426-48C2-A91F-2255D0B8BAB6}.Debug|Any CPU.Build.0 = Debug|Any CPU
		{5E181E98-8426-48C2-A91F-2255D0B8BAB6}.Release|Any CPU.ActiveCfg = Release|Any CPU
		{5E181E98-8426-48C2-A91F-2255D0B8BAB6}.Release|Any CPU.Build.0 = Release|Any CPU
	EndGlobalSection
	GlobalSection(SolutionProperties) = preSolution
		HideSolutionNode = FALSE
	EndGlobalSection
	GlobalSection(ExtensibilityGlobals) = postSolution
		SolutionGuid = {A686D88F-EA13-4B1B-85ED-AAEDD513CB6F}
	EndGlobalSection
EndGlobal
